
Microsoft Visual Studio Solution File, Format Version 12.00
# Visual Studio Version 16
VisualStudioVersion = 16.0.29123.88
MinimumVisualStudioVersion = 10.0.40219.1
Project("{FAE04EC0-301F-11D3-BF4B-00C04F79EFBC}") = "FrameExtractor", "FrameExtractor.csproj", "{4B698C0D-4BAF-4923-9FDE-576DBD1518BC}"
EndProject
Global
	GlobalSection(SolutionConfigurationPlatforms) = preSolution
		Debug|Any CPU = Debug|Any CPU
		Release|Any CPU = Release|Any CPU
	EndGlobalSection
	GlobalSection(ProjectConfigurationPlatforms) = postSolution
		{4B698C0D-4BAF-4923-9FDE-576DBD1518BC}.Debug|Any CPU.ActiveCfg = Debug|Any CPU
		{4B698C0D-4BAF-4923-9FDE-576DBD1518BC}.Debug|Any CPU.Build.0 = Debug|Any CPU
		{4B698C0D-4BAF-4923-9FDE-576DBD1518BC}.Release|Any CPU.ActiveCfg = Release|Any CPU
		{4B698C0D-4BAF-4923-9FDE-576DBD1518BC}.Release|Any CPU.Build.0 = Release|Any CPU
	EndGlobalSection
	GlobalSection(SolutionProperties) = preSolution
		HideSolutionNode = FALSE
	EndGlobalSection
	GlobalSection(ExtensibilityGlobals) = postSolution
		SolutionGuid = {189383F5-9C10-462D-B22A-CB2CB9AB6D4D}
	EndGlobalSection
EndGlobal
